Microsoft Visual Studio Solution File, Format Version 12.00
# Visual Studio Version 17
VisualStudioVersion = 17.5.2.0
MinimumVisualStudioVersion = 10.0.40219.1
Project("{FAE04EC0-301F-11D3-BF4B-00C04F79EFBC}") = "lab-12-palindromic-primes-elorasmith", "lab-12-palindromic-primes-elorasmith.csproj", "{16ECB09D-3974-E8B7-B50F-3584F36007DF}"
EndProject
Global
	GlobalSection(SolutionConfigurationPlatforms) = preSolution
		Debug|Any CPU = Debug|Any CPU
		Release|Any CPU = Release|Any CPU
	EndGlobalSection
	GlobalSection(ProjectConfigurationPlatforms) = postSolution
		{16ECB09D-3974-E8B7-B50F-3584F36007DF}.Debug|Any CPU.ActiveCfg = Debug|Any CPU
		{16ECB09D-3974-E8B7-B50F-3584F36007DF}.Debug|Any CPU.Build.0 = Debug|Any CPU
		{16ECB09D-3974-E8B7-B50F-3584F36007DF}.Release|Any CPU.ActiveCfg = Release|Any CPU
		{16ECB09D-3974-E8B7-B50F-3584F36007DF}.Release|Any CPU.Build.0 = Release|Any CPU
	EndGlobalSection
	GlobalSection(SolutionProperties) = preSolution
		HideSolutionNode = FALSE
	EndGlobalSection
	GlobalSection(ExtensibilityGlobals) = postSolution
		SolutionGuid = {6441830D-4112-4964-98E3-6667454B6923}
	EndGlobalSection
EndGlobal
